
Microsoft Visual Studio Solution File, Format Version 12.00
# Visual Studio 15
VisualStudioVersion = 15.0.27428.2043
MinimumVisualStudioVersion = 10.0.40219.1
Project("{FAE04EC0-301F-11D3-BF4B-00C04F79EFBC}") = "OkHttp3", "OkHttp3\OkHttp3.csproj", "{9E231A03-43F3-4E12-9690-7CE0B2871650}"
EndProject
Project("{FAE04EC0-301F-11D3-BF4B-00C04F79EFBC}") = "OkHttp3Library", "OkHttp3Library\OkHttp3Library.csproj", "{01C3DF58-302B-40FD-9A25-F8A6F093CE99}"
EndProject
Global
	GlobalSection(SolutionConfigurationPlatforms) = preSolution
		Debug|Any CPU = Debug|Any CPU
		Release|Any CPU = Release|Any CPU
	EndGlobalSection
	GlobalSection(ProjectConfigurationPlatforms) = postSolution
		{9E231A03-43F3-4E12-9690-7CE0B2871650}.Debug|Any CPU.ActiveCfg = Debug|Any CPU
		{9E231A03-43F3-4E12-9690-7CE0B2871650}.Debug|Any CPU.Build.0 = Debug|Any CPU
		{9E231A03-43F3-4E12-9690-7CE0B2871650}.Debug|Any CPU.Deploy.0 = Debug|Any CPU
		{9E231A03-43F3-4E12-9690-7CE0B2871650}.Release|Any CPU.ActiveCfg = Release|Any CPU
		{9E231A03-43F3-4E12-9690-7CE0B2871650}.Release|Any CPU.Build.0 = Release|Any CPU
		{9E231A03-43F3-4E12-9690-7CE0B2871650}.Release|Any CPU.Deploy.0 = Release|Any CPU
		{01C3DF58-302B-40FD-9A25-F8A6F093CE99}.Debug|Any CPU.ActiveCfg = Debug|Any CPU
		{01C3DF58-302B-40FD-9A25-F8A6F093CE99}.Debug|Any CPU.Build.0 = Debug|Any CPU
		{01C3DF58-302B-40FD-9A25-F8A6F093CE99}.Release|Any CPU.ActiveCfg = Release|Any CPU
		{01C3DF58-302B-40FD-9A25-F8A6F093CE99}.Release|Any CPU.Build.0 = Release|Any CPU
	EndGlobalSection
	GlobalSection(SolutionProperties) = preSolution
		HideSolutionNode = FALSE
	EndGlobalSection
	GlobalSection(ExtensibilityGlobals) = postSolution
		SolutionGuid = {49966E27-EF41-45C0-B92D-34AD8DDCBEA2}
	EndGlobalSection
EndGlobal
